
Microsoft Visual Studio Solution File, Format Version 12.00
# Visual Studio 15
VisualStudioVersion = 15.0.26730.16
MinimumVisualStudioVersion = 10.0.40219.1
Project("{FAE04EC0-301F-11D3-BF4B-00C04F79EFBC}") = "Return Value Functions in Csharp", "Return Value Functions in Csharp\Return Value Functions in Csharp.csproj", "{7AB8B72F-D41A-4E8A-A9C4-3E49D434F739}"
EndProject
Global
	GlobalSection(SolutionConfigurationPlatforms) = preSolution
		Debug|Any CPU = Debug|Any CPU
		Release|Any CPU = Release|Any CPU
	EndGlobalSection
	GlobalSection(ProjectConfigurationPlatforms) = postSolution
		{7AB8B72F-D41A-4E8A-A9C4-3E49D434F739}.Debug|Any CPU.ActiveCfg = Debug|Any CPU
		{7AB8B72F-D41A-4E8A-A9C4-3E49D434F739}.Debug|Any CPU.Build.0 = Debug|Any CPU
		{7AB8B72F-D41A-4E8A-A9C4-3E49D434F739}.Release|Any CPU.ActiveCfg = Release|Any CPU
		{7AB8B72F-D41A-4E8A-A9C4-3E49D434F739}.Release|Any CPU.Build.0 = Release|Any CPU
	EndGlobalSection
	GlobalSection(SolutionProperties) = preSolution
		HideSolutionNode = FALSE
	EndGlobalSection
	GlobalSection(ExtensibilityGlobals) = postSolution
		SolutionGuid = {BB906F73-3ACF-4918-9EAA-DD0C32176DE2}
	EndGlobalSection
EndGlobal
