
Microsoft Visual Studio Solution File, Format Version 12.00
# Visual Studio 15
VisualStudioVersion = 15.0.26730.16
MinimumVisualStudioVersion = 10.0.40219.1
Project("{FAE04EC0-301F-11D3-BF4B-00C04F79EFBC}") = "Split Function with String Type", "Split Function with String Type\Split Function with String Type.csproj", "{FE2CCE65-6F3A-425F-9729-93E4CFCCFFCF}"
EndProject
Global
	GlobalSection(SolutionConfigurationPlatforms) = preSolution
		Debug|Any CPU = Debug|Any CPU
		Release|Any CPU = Release|Any CPU
	EndGlobalSection
	GlobalSection(ProjectConfigurationPlatforms) = postSolution
		{FE2CCE65-6F3A-425F-9729-93E4CFCCFFCF}.Debug|Any CPU.ActiveCfg = Debug|Any CPU
		{FE2CCE65-6F3A-425F-9729-93E4CFCCFFCF}.Debug|Any CPU.Build.0 = Debug|Any CPU
		{FE2CCE65-6F3A-425F-9729-93E4CFCCFFCF}.Release|Any CPU.ActiveCfg = Release|Any CPU
		{FE2CCE65-6F3A-425F-9729-93E4CFCCFFCF}.Release|Any CPU.Build.0 = Release|Any CPU
	EndGlobalSection
	GlobalSection(SolutionProperties) = preSolution
		HideSolutionNode = FALSE
	EndGlobalSection
	GlobalSection(ExtensibilityGlobals) = postSolution
		SolutionGuid = {115DE3A7-84AE-46AD-BAAD-43928E6004FD}
	EndGlobalSection
EndGlobal
