
Microsoft Visual Studio Solution File, Format Version 12.00
# Visual Studio 15
VisualStudioVersion = 15.0.27004.2005
MinimumVisualStudioVersion = 10.0.40219.1
Project("{FAE04EC0-301F-11D3-BF4B-00C04F79EFBC}") = "Shadowing Parent Code", "Shadowing Parent Code\Shadowing Parent Code.csproj", "{06DD87FE-E253-4822-A497-DE143C71A581}"
EndProject
Global
	GlobalSection(SolutionConfigurationPlatforms) = preSolution
		Debug|Any CPU = Debug|Any CPU
		Release|Any CPU = Release|Any CPU
	EndGlobalSection
	GlobalSection(ProjectConfigurationPlatforms) = postSolution
		{06DD87FE-E253-4822-A497-DE143C71A581}.Debug|Any CPU.ActiveCfg = Debug|Any CPU
		{06DD87FE-E253-4822-A497-DE143C71A581}.Debug|Any CPU.Build.0 = Debug|Any CPU
		{06DD87FE-E253-4822-A497-DE143C71A581}.Release|Any CPU.ActiveCfg = Release|Any CPU
		{06DD87FE-E253-4822-A497-DE143C71A581}.Release|Any CPU.Build.0 = Release|Any CPU
	EndGlobalSection
	GlobalSection(SolutionProperties) = preSolution
		HideSolutionNode = FALSE
	EndGlobalSection
	GlobalSection(ExtensibilityGlobals) = postSolution
		SolutionGuid = {58E23D6E-406C-458A-A7DF-C6FBF8FF0344}
	EndGlobalSection
EndGlobal
