
Microsoft Visual Studio Solution File, Format Version 12.00
# Visual Studio 15
VisualStudioVersion = 15.0.26730.16
MinimumVisualStudioVersion = 10.0.40219.1
Project("{FAE04EC0-301F-11D3-BF4B-00C04F79EFBC}") = "Multidimensional Array", "Multidimensional Array\Multidimensional Array.csproj", "{E70BB5FF-AD69-485F-A6C4-C2C03E9C71EF}"
EndProject
Global
	GlobalSection(SolutionConfigurationPlatforms) = preSolution
		Debug|Any CPU = Debug|Any CPU
		Release|Any CPU = Release|Any CPU
	EndGlobalSection
	GlobalSection(ProjectConfigurationPlatforms) = postSolution
		{E70BB5FF-AD69-485F-A6C4-C2C03E9C71EF}.Debug|Any CPU.ActiveCfg = Debug|Any CPU
		{E70BB5FF-AD69-485F-A6C4-C2C03E9C71EF}.Debug|Any CPU.Build.0 = Debug|Any CPU
		{E70BB5FF-AD69-485F-A6C4-C2C03E9C71EF}.Release|Any CPU.ActiveCfg = Release|Any CPU
		{E70BB5FF-AD69-485F-A6C4-C2C03E9C71EF}.Release|Any CPU.Build.0 = Release|Any CPU
	EndGlobalSection
	GlobalSection(SolutionProperties) = preSolution
		HideSolutionNode = FALSE
	EndGlobalSection
	GlobalSection(ExtensibilityGlobals) = postSolution
		SolutionGuid = {0496ED9C-BA6A-4AD3-8511-022041144573}
	EndGlobalSection
EndGlobal
