
Microsoft Visual Studio Solution File, Format Version 12.00
# Visual Studio 15
VisualStudioVersion = 15.0.26730.16
MinimumVisualStudioVersion = 10.0.40219.1
Project("{FAE04EC0-301F-11D3-BF4B-00C04F79EFBC}") = "Out Parameter and Challenge 28", "Out Parameter and Challenge 28\Out Parameter and Challenge 28.csproj", "{D2C06839-AD3A-4142-8F5A-35FCCC5E4D24}"
EndProject
Global
	GlobalSection(SolutionConfigurationPlatforms) = preSolution
		Debug|Any CPU = Debug|Any CPU
		Release|Any CPU = Release|Any CPU
	EndGlobalSection
	GlobalSection(ProjectConfigurationPlatforms) = postSolution
		{D2C06839-AD3A-4142-8F5A-35FCCC5E4D24}.Debug|Any CPU.ActiveCfg = Debug|Any CPU
		{D2C06839-AD3A-4142-8F5A-35FCCC5E4D24}.Debug|Any CPU.Build.0 = Debug|Any CPU
		{D2C06839-AD3A-4142-8F5A-35FCCC5E4D24}.Release|Any CPU.ActiveCfg = Release|Any CPU
		{D2C06839-AD3A-4142-8F5A-35FCCC5E4D24}.Release|Any CPU.Build.0 = Release|Any CPU
	EndGlobalSection
	GlobalSection(SolutionProperties) = preSolution
		HideSolutionNode = FALSE
	EndGlobalSection
	GlobalSection(ExtensibilityGlobals) = postSolution
		SolutionGuid = {2617B7B3-BA37-4A9C-BFDA-6C106C718777}
	EndGlobalSection
EndGlobal
