
Microsoft Visual Studio Solution File, Format Version 12.00
# Visual Studio 15
VisualStudioVersion = 15.0.26730.16
MinimumVisualStudioVersion = 10.0.40219.1
Project("{FAE04EC0-301F-11D3-BF4B-00C04F79EFBC}") = "Checked and Unchecked", "Checked and Unchecked\Checked and Unchecked.csproj", "{3AAF4335-24DB-4858-9F45-6E54D3A684C4}"
EndProject
Global
	GlobalSection(SolutionConfigurationPlatforms) = preSolution
		Debug|Any CPU = Debug|Any CPU
		Release|Any CPU = Release|Any CPU
	EndGlobalSection
	GlobalSection(ProjectConfigurationPlatforms) = postSolution
		{3AAF4335-24DB-4858-9F45-6E54D3A684C4}.Debug|Any CPU.ActiveCfg = Debug|Any CPU
		{3AAF4335-24DB-4858-9F45-6E54D3A684C4}.Debug|Any CPU.Build.0 = Debug|Any CPU
		{3AAF4335-24DB-4858-9F45-6E54D3A684C4}.Release|Any CPU.ActiveCfg = Release|Any CPU
		{3AAF4335-24DB-4858-9F45-6E54D3A684C4}.Release|Any CPU.Build.0 = Release|Any CPU
	EndGlobalSection
	GlobalSection(SolutionProperties) = preSolution
		HideSolutionNode = FALSE
	EndGlobalSection
	GlobalSection(ExtensibilityGlobals) = postSolution
		SolutionGuid = {CFD55066-6490-4F72-909A-3736B22A04C3}
	EndGlobalSection
EndGlobal
