
Microsoft Visual Studio Solution File, Format Version 12.00
# Visual Studio 15
VisualStudioVersion = 15.0.26730.16
MinimumVisualStudioVersion = 10.0.40219.1
Project("{FAE04EC0-301F-11D3-BF4B-00C04F79EFBC}") = "Variables Scope", "Variables Scope\Variables Scope.csproj", "{E37BBFE5-50C0-453F-98FE-45AA5FC3FFEA}"
EndProject
Global
	GlobalSection(SolutionConfigurationPlatforms) = preSolution
		Debug|Any CPU = Debug|Any CPU
		Release|Any CPU = Release|Any CPU
	EndGlobalSection
	GlobalSection(ProjectConfigurationPlatforms) = postSolution
		{E37BBFE5-50C0-453F-98FE-45AA5FC3FFEA}.Debug|Any CPU.ActiveCfg = Debug|Any CPU
		{E37BBFE5-50C0-453F-98FE-45AA5FC3FFEA}.Debug|Any CPU.Build.0 = Debug|Any CPU
		{E37BBFE5-50C0-453F-98FE-45AA5FC3FFEA}.Release|Any CPU.ActiveCfg = Release|Any CPU
		{E37BBFE5-50C0-453F-98FE-45AA5FC3FFEA}.Release|Any CPU.Build.0 = Release|Any CPU
	EndGlobalSection
	GlobalSection(SolutionProperties) = preSolution
		HideSolutionNode = FALSE
	EndGlobalSection
	GlobalSection(ExtensibilityGlobals) = postSolution
		SolutionGuid = {0A198A49-9920-43C2-8A4C-7CD06141CC45}
	EndGlobalSection
EndGlobal
