
Microsoft Visual Studio Solution File, Format Version 12.00
# Visual Studio 15
VisualStudioVersion = 15.0.27004.2005
MinimumVisualStudioVersion = 10.0.40219.1
Project("{FAE04EC0-301F-11D3-BF4B-00C04F79EFBC}") = "Static Classes", "Static Classes\Static Classes.csproj", "{13CEA72F-6AF6-425E-A5DC-48A44E6AE1A4}"
EndProject
Global
	GlobalSection(SolutionConfigurationPlatforms) = preSolution
		Debug|Any CPU = Debug|Any CPU
		Release|Any CPU = Release|Any CPU
	EndGlobalSection
	GlobalSection(ProjectConfigurationPlatforms) = postSolution
		{13CEA72F-6AF6-425E-A5DC-48A44E6AE1A4}.Debug|Any CPU.ActiveCfg = Debug|Any CPU
		{13CEA72F-6AF6-425E-A5DC-48A44E6AE1A4}.Debug|Any CPU.Build.0 = Debug|Any CPU
		{13CEA72F-6AF6-425E-A5DC-48A44E6AE1A4}.Release|Any CPU.ActiveCfg = Release|Any CPU
		{13CEA72F-6AF6-425E-A5DC-48A44E6AE1A4}.Release|Any CPU.Build.0 = Release|Any CPU
	EndGlobalSection
	GlobalSection(SolutionProperties) = preSolution
		HideSolutionNode = FALSE
	EndGlobalSection
	GlobalSection(ExtensibilityGlobals) = postSolution
		SolutionGuid = {9AAEA585-868C-4A06-A054-1C728411DF72}
	EndGlobalSection
EndGlobal
