
Microsoft Visual Studio Solution File, Format Version 12.00
# Visual Studio 15
VisualStudioVersion = 15.0.26730.16
MinimumVisualStudioVersion = 10.0.40219.1
Project("{FAE04EC0-301F-11D3-BF4B-00C04F79EFBC}") = "Minimum Value Function and challenge 26", "Minimum Value Function and challenge 26\Minimum Value Function and challenge 26.csproj", "{D6BE54B2-911F-474C-816A-09D91CAB566A}"
EndProject
Global
	GlobalSection(SolutionConfigurationPlatforms) = preSolution
		Debug|Any CPU = Debug|Any CPU
		Release|Any CPU = Release|Any CPU
	EndGlobalSection
	GlobalSection(ProjectConfigurationPlatforms) = postSolution
		{D6BE54B2-911F-474C-816A-09D91CAB566A}.Debug|Any CPU.ActiveCfg = Debug|Any CPU
		{D6BE54B2-911F-474C-816A-09D91CAB566A}.Debug|Any CPU.Build.0 = Debug|Any CPU
		{D6BE54B2-911F-474C-816A-09D91CAB566A}.Release|Any CPU.ActiveCfg = Release|Any CPU
		{D6BE54B2-911F-474C-816A-09D91CAB566A}.Release|Any CPU.Build.0 = Release|Any CPU
	EndGlobalSection
	GlobalSection(SolutionProperties) = preSolution
		HideSolutionNode = FALSE
	EndGlobalSection
	GlobalSection(ExtensibilityGlobals) = postSolution
		SolutionGuid = {912A14BF-775B-4377-80A4-F7C5EF8F656A}
	EndGlobalSection
EndGlobal
