
Microsoft Visual Studio Solution File, Format Version 12.00
# Visual Studio 15
VisualStudioVersion = 15.0.27004.2005
MinimumVisualStudioVersion = 10.0.40219.1
Project("{FAE04EC0-301F-11D3-BF4B-00C04F79EFBC}") = "Exception Filters with when keyword", "Exception Filters with when keyword\Exception Filters with when keyword.csproj", "{F5FE53A2-B567-44D9-BDA8-AD2EDDA494F1}"
EndProject
Global
	GlobalSection(SolutionConfigurationPlatforms) = preSolution
		Debug|Any CPU = Debug|Any CPU
		Release|Any CPU = Release|Any CPU
	EndGlobalSection
	GlobalSection(ProjectConfigurationPlatforms) = postSolution
		{F5FE53A2-B567-44D9-BDA8-AD2EDDA494F1}.Debug|Any CPU.ActiveCfg = Debug|Any CPU
		{F5FE53A2-B567-44D9-BDA8-AD2EDDA494F1}.Debug|Any CPU.Build.0 = Debug|Any CPU
		{F5FE53A2-B567-44D9-BDA8-AD2EDDA494F1}.Release|Any CPU.ActiveCfg = Release|Any CPU
		{F5FE53A2-B567-44D9-BDA8-AD2EDDA494F1}.Release|Any CPU.Build.0 = Release|Any CPU
	EndGlobalSection
	GlobalSection(SolutionProperties) = preSolution
		HideSolutionNode = FALSE
	EndGlobalSection
	GlobalSection(ExtensibilityGlobals) = postSolution
		SolutionGuid = {D10CEA77-BA7B-4ABE-8ED4-C8659E837AF9}
	EndGlobalSection
EndGlobal
