
Microsoft Visual Studio Solution File, Format Version 12.00
# Visual Studio 15
VisualStudioVersion = 15.0.26730.16
MinimumVisualStudioVersion = 10.0.40219.1
Project("{FAE04EC0-301F-11D3-BF4B-00C04F79EFBC}") = "ToUpper Vs ToLower , Trim Functions", "ToUpper Vs ToLower , Trim Functions\ToUpper Vs ToLower , Trim Functions.csproj", "{A017FC60-E847-40C9-926D-BD33307BA46A}"
EndProject
Global
	GlobalSection(SolutionConfigurationPlatforms) = preSolution
		Debug|Any CPU = Debug|Any CPU
		Release|Any CPU = Release|Any CPU
	EndGlobalSection
	GlobalSection(ProjectConfigurationPlatforms) = postSolution
		{A017FC60-E847-40C9-926D-BD33307BA46A}.Debug|Any CPU.ActiveCfg = Debug|Any CPU
		{A017FC60-E847-40C9-926D-BD33307BA46A}.Debug|Any CPU.Build.0 = Debug|Any CPU
		{A017FC60-E847-40C9-926D-BD33307BA46A}.Release|Any CPU.ActiveCfg = Release|Any CPU
		{A017FC60-E847-40C9-926D-BD33307BA46A}.Release|Any CPU.Build.0 = Release|Any CPU
	EndGlobalSection
	GlobalSection(SolutionProperties) = preSolution
		HideSolutionNode = FALSE
	EndGlobalSection
	GlobalSection(ExtensibilityGlobals) = postSolution
		SolutionGuid = {948E767D-FD59-4D36-AC89-44420A320269}
	EndGlobalSection
EndGlobal
