
Microsoft Visual Studio Solution File, Format Version 12.00
# Visual Studio 15
VisualStudioVersion = 15.0.26730.16
MinimumVisualStudioVersion = 10.0.40219.1
Project("{FAE04EC0-301F-11D3-BF4B-00C04F79EFBC}") = "Reference values and challenge 27", "Reference values and challenge 27\Reference values and challenge 27.csproj", "{40A7491D-B931-42E5-A3DA-8DEFEB7898B9}"
EndProject
Global
	GlobalSection(SolutionConfigurationPlatforms) = preSolution
		Debug|Any CPU = Debug|Any CPU
		Release|Any CPU = Release|Any CPU
	EndGlobalSection
	GlobalSection(ProjectConfigurationPlatforms) = postSolution
		{40A7491D-B931-42E5-A3DA-8DEFEB7898B9}.Debug|Any CPU.ActiveCfg = Debug|Any CPU
		{40A7491D-B931-42E5-A3DA-8DEFEB7898B9}.Debug|Any CPU.Build.0 = Debug|Any CPU
		{40A7491D-B931-42E5-A3DA-8DEFEB7898B9}.Release|Any CPU.ActiveCfg = Release|Any CPU
		{40A7491D-B931-42E5-A3DA-8DEFEB7898B9}.Release|Any CPU.Build.0 = Release|Any CPU
	EndGlobalSection
	GlobalSection(SolutionProperties) = preSolution
		HideSolutionNode = FALSE
	EndGlobalSection
	GlobalSection(ExtensibilityGlobals) = postSolution
		SolutionGuid = {A6A1BE64-BA24-443A-A35D-4011A840888C}
	EndGlobalSection
EndGlobal
