
Microsoft Visual Studio Solution File, Format Version 12.00
# Visual Studio 15
VisualStudioVersion = 15.0.27004.2005
MinimumVisualStudioVersion = 10.0.40219.1
Project("{FAE04EC0-301F-11D3-BF4B-00C04F79EFBC}") = "MoreArrayOperations using Array Class", "MoreArrayOperations using Array Class\MoreArrayOperations using Array Class.csproj", "{B90ACB87-AD4C-46B8-8C49-A7AC1587C0A0}"
EndProject
Global
	GlobalSection(SolutionConfigurationPlatforms) = preSolution
		Debug|Any CPU = Debug|Any CPU
		Release|Any CPU = Release|Any CPU
	EndGlobalSection
	GlobalSection(ProjectConfigurationPlatforms) = postSolution
		{B90ACB87-AD4C-46B8-8C49-A7AC1587C0A0}.Debug|Any CPU.ActiveCfg = Debug|Any CPU
		{B90ACB87-AD4C-46B8-8C49-A7AC1587C0A0}.Debug|Any CPU.Build.0 = Debug|Any CPU
		{B90ACB87-AD4C-46B8-8C49-A7AC1587C0A0}.Release|Any CPU.ActiveCfg = Release|Any CPU
		{B90ACB87-AD4C-46B8-8C49-A7AC1587C0A0}.Release|Any CPU.Build.0 = Release|Any CPU
	EndGlobalSection
	GlobalSection(SolutionProperties) = preSolution
		HideSolutionNode = FALSE
	EndGlobalSection
	GlobalSection(ExtensibilityGlobals) = postSolution
		SolutionGuid = {C7A5BBEA-A5A1-4D9F-8073-630CB2F2E2B1}
	EndGlobalSection
EndGlobal
