
Microsoft Visual Studio Solution File, Format Version 12.00
# Visual Studio 15
VisualStudioVersion = 15.0.27004.2005
MinimumVisualStudioVersion = 10.0.40219.1
Project("{FAE04EC0-301F-11D3-BF4B-00C04F79EFBC}") = "Inclusion in Polymorphsim", "Inclusion in Polymorphsim\Inclusion in Polymorphsim.csproj", "{FBCC27C0-CFEA-47C0-9632-AA588B204D9E}"
EndProject
Global
	GlobalSection(SolutionConfigurationPlatforms) = preSolution
		Debug|Any CPU = Debug|Any CPU
		Release|Any CPU = Release|Any CPU
	EndGlobalSection
	GlobalSection(ProjectConfigurationPlatforms) = postSolution
		{FBCC27C0-CFEA-47C0-9632-AA588B204D9E}.Debug|Any CPU.ActiveCfg = Debug|Any CPU
		{FBCC27C0-CFEA-47C0-9632-AA588B204D9E}.Debug|Any CPU.Build.0 = Debug|Any CPU
		{FBCC27C0-CFEA-47C0-9632-AA588B204D9E}.Release|Any CPU.ActiveCfg = Release|Any CPU
		{FBCC27C0-CFEA-47C0-9632-AA588B204D9E}.Release|Any CPU.Build.0 = Release|Any CPU
	EndGlobalSection
	GlobalSection(SolutionProperties) = preSolution
		HideSolutionNode = FALSE
	EndGlobalSection
	GlobalSection(ExtensibilityGlobals) = postSolution
		SolutionGuid = {F3D8E530-8A61-4628-95D3-41ED12FDC3EE}
	EndGlobalSection
EndGlobal
