
Microsoft Visual Studio Solution File, Format Version 12.00
# Visual Studio 15
VisualStudioVersion = 15.0.27004.2005
MinimumVisualStudioVersion = 10.0.40219.1
Project("{FAE04EC0-301F-11D3-BF4B-00C04F79EFBC}") = "DateTime Type", "DateTime Type\DateTime Type.csproj", "{DBF7EE4D-0446-4C6D-8C0A-A5701DE18D5E}"
EndProject
Global
	GlobalSection(SolutionConfigurationPlatforms) = preSolution
		Debug|Any CPU = Debug|Any CPU
		Release|Any CPU = Release|Any CPU
	EndGlobalSection
	GlobalSection(ProjectConfigurationPlatforms) = postSolution
		{DBF7EE4D-0446-4C6D-8C0A-A5701DE18D5E}.Debug|Any CPU.ActiveCfg = Debug|Any CPU
		{DBF7EE4D-0446-4C6D-8C0A-A5701DE18D5E}.Debug|Any CPU.Build.0 = Debug|Any CPU
		{DBF7EE4D-0446-4C6D-8C0A-A5701DE18D5E}.Release|Any CPU.ActiveCfg = Release|Any CPU
		{DBF7EE4D-0446-4C6D-8C0A-A5701DE18D5E}.Release|Any CPU.Build.0 = Release|Any CPU
	EndGlobalSection
	GlobalSection(SolutionProperties) = preSolution
		HideSolutionNode = FALSE
	EndGlobalSection
	GlobalSection(ExtensibilityGlobals) = postSolution
		SolutionGuid = {F8FDEA9E-56F7-4D1A-8AD8-D6195294BDAC}
	EndGlobalSection
EndGlobal
