
Microsoft Visual Studio Solution File, Format Version 12.00
# Visual Studio 15
VisualStudioVersion = 15.0.27004.2005
MinimumVisualStudioVersion = 10.0.40219.1
Project("{FAE04EC0-301F-11D3-BF4B-00C04F79EFBC}") = "Recursive Function", "Recursive Function\Recursive Function.csproj", "{30C9B703-204E-480A-99BE-880B41232CAC}"
EndProject
Global
	GlobalSection(SolutionConfigurationPlatforms) = preSolution
		Debug|Any CPU = Debug|Any CPU
		Release|Any CPU = Release|Any CPU
	EndGlobalSection
	GlobalSection(ProjectConfigurationPlatforms) = postSolution
		{30C9B703-204E-480A-99BE-880B41232CAC}.Debug|Any CPU.ActiveCfg = Debug|Any CPU
		{30C9B703-204E-480A-99BE-880B41232CAC}.Debug|Any CPU.Build.0 = Debug|Any CPU
		{30C9B703-204E-480A-99BE-880B41232CAC}.Release|Any CPU.ActiveCfg = Release|Any CPU
		{30C9B703-204E-480A-99BE-880B41232CAC}.Release|Any CPU.Build.0 = Release|Any CPU
	EndGlobalSection
	GlobalSection(SolutionProperties) = preSolution
		HideSolutionNode = FALSE
	EndGlobalSection
	GlobalSection(ExtensibilityGlobals) = postSolution
		SolutionGuid = {3A033F38-3A07-41BF-A5F8-B6A85AC2156A}
	EndGlobalSection
EndGlobal
