
Microsoft Visual Studio Solution File, Format Version 12.00
# Visual Studio 15
VisualStudioVersion = 15.0.26730.16
MinimumVisualStudioVersion = 10.0.40219.1
Project("{FAE04EC0-301F-11D3-BF4B-00C04F79EFBC}") = "Challenge 19", "Challenge 19\Challenge 19.csproj", "{C18443FB-3853-4395-A1F9-52B6D09ADECD}"
EndProject
Global
	GlobalSection(SolutionConfigurationPlatforms) = preSolution
		Debug|Any CPU = Debug|Any CPU
		Release|Any CPU = Release|Any CPU
	EndGlobalSection
	GlobalSection(ProjectConfigurationPlatforms) = postSolution
		{C18443FB-3853-4395-A1F9-52B6D09ADECD}.Debug|Any CPU.ActiveCfg = Debug|Any CPU
		{C18443FB-3853-4395-A1F9-52B6D09ADECD}.Debug|Any CPU.Build.0 = Debug|Any CPU
		{C18443FB-3853-4395-A1F9-52B6D09ADECD}.Release|Any CPU.ActiveCfg = Release|Any CPU
		{C18443FB-3853-4395-A1F9-52B6D09ADECD}.Release|Any CPU.Build.0 = Release|Any CPU
	EndGlobalSection
	GlobalSection(SolutionProperties) = preSolution
		HideSolutionNode = FALSE
	EndGlobalSection
	GlobalSection(ExtensibilityGlobals) = postSolution
		SolutionGuid = {5E842E9E-F353-4B68-A3FE-C044C4FA2838}
	EndGlobalSection
EndGlobal
